
Microsoft Visual Studio Solution File, Format Version 12.00
# Visual Studio Version 17
VisualStudioVersion = 17.14.36301.6 d17.14
MinimumVisualStudioVersion = 10.0.40219.1
Project("{FAE04EC0-301F-11D3-BF4B-00C04F79EFBC}") = "XmlDocumentViewer", "XmlDocumentViewer.csproj", "{CC3975E4-F00B-4F4B-A615-EDB8D060B62F}"
EndProject
Global
	GlobalSection(SolutionConfigurationPlatforms) = preSolution
		Debug|Any CPU = Debug|Any CPU
		Release|Any CPU = Release|Any CPU
	EndGlobalSection
	GlobalSection(ProjectConfigurationPlatforms) = postSolution
		{CC3975E4-F00B-4F4B-A615-EDB8D060B62F}.Debug|Any CPU.ActiveCfg = Debug|Any CPU
		{CC3975E4-F00B-4F4B-A615-EDB8D060B62F}.Debug|Any CPU.Build.0 = Debug|Any CPU
		{CC3975E4-F00B-4F4B-A615-EDB8D060B62F}.Release|Any CPU.ActiveCfg = Release|Any CPU
		{CC3975E4-F00B-4F4B-A615-EDB8D060B62F}.Release|Any CPU.Build.0 = Release|Any CPU
	EndGlobalSection
	GlobalSection(SolutionProperties) = preSolution
		HideSolutionNode = FALSE
	EndGlobalSection
	GlobalSection(ExtensibilityGlobals) = postSolution
		SolutionGuid = {0B44738F-1871-4B0D-AF32-350897094D60}
	EndGlobalSection
EndGlobal
